<?xml version="1.0" encoding="utf-8"?>
<Project ToolsVersion="4.0" xmlns="http://schemas.microsoft.com/developer/msbuild/2003">
  <ItemGroup>
    <Filter Include="Source Files">
      <UniqueIdentifier>{4FC737F1-C7A5-4376-A066-2A32D752A2FF}</UniqueIdentifier>
      <Extensions>cpp;c;cc;cxx;def;odl;idl;hpj;bat;asm;asmx</Extensions>
    </Filter>
    <Filter Include="Header Files">
      <UniqueIdentifier>{93995380-89BD-4b04-88EB-625FBE52EBFB}</UniqueIdentifier>
      <Extensions>h;hpp;hxx;hm;inl;inc;xsd</Extensions>
    </Filter>
    <Filter Include="Resource Files">
      <UniqueIdentifier>{67DA6AB6-F800-4c08-8B7A-83BB121AAD01}</UniqueIdentifier>
      <Extensions>rc;ico;cur;bmp;dlg;rc2;rct;bin;rgs;gif;jpg;jpeg;jpe;resx;tiff;tif;png;wav;mfcribbon-ms</Extensions>
    </Filter>
  </ItemGroup>
  <ItemGroup>
    <None Include="ReadMe.txt" />
  </ItemGroup>
  <ItemGroup>
    <ClInclude Include="algebraicsystem.h">
      <Filter>Header Files</Filter>
    </ClInclude>
    <ClInclude Include="assembler.h">
      <Filter>Header Files</Filter>
    </ClInclude>
    <ClInclude Include="constraint.h">
      <Filter>Header Files</Filter>
    </ClInclude>
    <ClInclude Include="discretesystem.h">
      <Filter>Header Files</Filter>
    </ClInclude>
    <ClInclude Include="displacementconstraint.h">
      <Filter>Header Files</Filter>
    </ClInclude>
    <ClInclude Include="dof.h">
      <Filter>Header Files</Filter>
    </ClInclude>
    <ClInclude Include="feanalysis.h">
      <Filter>Header Files</Filter>
    </ClInclude>
    <ClInclude Include="feprog.h">
      <Filter>Header Files</Filter>
    </ClInclude>
    <ClInclude Include="forcecontributor.h">
      <Filter>Header Files</Filter>
    </ClInclude>
    <ClInclude Include="lin1dsf.h">
      <Filter>Header Files</Filter>
    </ClInclude>
    <ClInclude Include="linearsystemassembler.h">
      <Filter>Header Files</Filter>
    </ClInclude>
    <ClInclude Include="linquadsf.h">
      <Filter>Header Files</Filter>
    </ClInclude>
    <ClInclude Include="lintrisf.h">
      <Filter>Header Files</Filter>
    </ClInclude>
    <ClInclude Include="magaxistaticanalysis.h">
      <Filter>Header Files</Filter>
    </ClInclude>
    <ClInclude Include="magaxistaticfc.h">
      <Filter>Header Files</Filter>
    </ClInclude>
    <ClInclude Include="magaxistaticsc.h">
      <Filter>Header Files</Filter>
    </ClInclude>
    <ClInclude Include="mapping.h">
      <Filter>Header Files</Filter>
    </ClInclude>
    <ClInclude Include="mapping1d2d.h">
      <Filter>Header Files</Filter>
    </ClInclude>
    <ClInclude Include="mapping2d.h">
      <Filter>Header Files</Filter>
    </ClInclude>
    <ClInclude Include="mapping2daxi.h">
      <Filter>Header Files</Filter>
    </ClInclude>
    <ClInclude Include="matrix.h">
      <Filter>Header Files</Filter>
    </ClInclude>
    <ClInclude Include="precisiontimer.h">
      <Filter>Header Files</Filter>
    </ClInclude>
    <ClInclude Include="quad1dsf.h">
      <Filter>Header Files</Filter>
    </ClInclude>
    <ClInclude Include="quadquadsf.h">
      <Filter>Header Files</Filter>
    </ClInclude>
    <ClInclude Include="quadtrisf.h">
      <Filter>Header Files</Filter>
    </ClInclude>
    <ClInclude Include="shapefunction.h">
      <Filter>Header Files</Filter>
    </ClInclude>
    <ClInclude Include="stiffnesscontributor.h">
      <Filter>Header Files</Filter>
    </ClInclude>
    <ClInclude Include="typedefs.h">
      <Filter>Header Files</Filter>
    </ClInclude>
  </ItemGroup>
  <ItemGroup>
    <ClCompile Include="algebraicsystem.cpp">
      <Filter>Source Files</Filter>
    </ClCompile>
    <ClCompile Include="discretesystem.cpp">
      <Filter>Source Files</Filter>
    </ClCompile>
    <ClCompile Include="displacementconstraint.cpp">
      <Filter>Source Files</Filter>
    </ClCompile>
    <ClCompile Include="dof.cpp">
      <Filter>Source Files</Filter>
    </ClCompile>
    <ClCompile Include="feanalysis.cpp">
      <Filter>Source Files</Filter>
    </ClCompile>
    <ClCompile Include="feprog.cpp">
      <Filter>Source Files</Filter>
    </ClCompile>
    <ClCompile Include="forcecontributor.cpp">
      <Filter>Source Files</Filter>
    </ClCompile>
    <ClCompile Include="lin1dsf.cpp">
      <Filter>Source Files</Filter>
    </ClCompile>
    <ClCompile Include="linearsystemassembler.cpp">
      <Filter>Source Files</Filter>
    </ClCompile>
    <ClCompile Include="linquadsf.cpp">
      <Filter>Source Files</Filter>
    </ClCompile>
    <ClCompile Include="lintrisf.cpp">
      <Filter>Source Files</Filter>
    </ClCompile>
    <ClCompile Include="magaxistaticanalysis.cpp">
      <Filter>Source Files</Filter>
    </ClCompile>
    <ClCompile Include="magaxistaticfc.cpp">
      <Filter>Source Files</Filter>
    </ClCompile>
    <ClCompile Include="magaxistaticsc.cpp">
      <Filter>Source Files</Filter>
    </ClCompile>
    <ClCompile Include="mapping1d2d.cpp">
      <Filter>Source Files</Filter>
    </ClCompile>
    <ClCompile Include="mapping2d.cpp">
      <Filter>Source Files</Filter>
    </ClCompile>
    <ClCompile Include="mapping2daxi.cpp">
      <Filter>Source Files</Filter>
    </ClCompile>
    <ClCompile Include="quad1dsf.cpp">
      <Filter>Source Files</Filter>
    </ClCompile>
    <ClCompile Include="quadquadsf.cpp">
      <Filter>Source Files</Filter>
    </ClCompile>
    <ClCompile Include="quadtrisf.cpp">
      <Filter>Source Files</Filter>
    </ClCompile>
    <ClCompile Include="stiffnesscontributor.cpp">
      <Filter>Source Files</Filter>
    </ClCompile>
  </ItemGroup>
</Project>